
Microsoft Visual Studio Solution File, Format Version 12.00
# Visual Studio Version 16
VisualStudioVersion = 16.0.28803.202
MinimumVisualStudioVersion = 10.0.40219.1
Project("{FAE04EC0-301F-11D3-BF4B-00C04F79EFBC}") = "SagaDemo.OrderAPI", "SagaDemo.OrderAPI\SagaDemo.OrderAPI.csproj", "{E4DDC228-A062-4CCB-877B-93AC79480A3A}"
EndProject
Project("{FAE04EC0-301F-11D3-BF4B-00C04F79EFBC}") = "SagaDemo.InventoryAPI", "SagaDemo.InventoryAPI\SagaDemo.InventoryAPI.csproj", "{3364C9A4-E719-40E5-BC26-C9BA1649906D}"
EndProject
Project("{FAE04EC0-301F-11D3-BF4B-00C04F79EFBC}") = "SagaDemo.PaymentAPI", "SagaDemo.PaymentAPI\SagaDemo.PaymentAPI.csproj", "{7D24C486-D97D-4F12-BB93-60A6D997E84F}"
EndProject
Project("{FAE04EC0-301F-11D3-BF4B-00C04F79EFBC}") = "SagaDemo.DeliveryAPI", "SagaDemo.DeliveryAPI\SagaDemo.DeliveryAPI.csproj", "{19E3257D-DB01-484E-A6CF-A7B76A0C8A6E}"
EndProject
Global
	GlobalSection(SolutionConfigurationPlatforms) = preSolution
		Debug|Any CPU = Debug|Any CPU
		Release|Any CPU = Release|Any CPU
	EndGlobalSection
	GlobalSection(ProjectConfigurationPlatforms) = postSolution
		{E4DDC228-A062-4CCB-877B-93AC79480A3A}.Debug|Any CPU.ActiveCfg = Debug|Any CPU
		{E4DDC228-A062-4CCB-877B-93AC79480A3A}.Debug|Any CPU.Build.0 = Debug|Any CPU
		{E4DDC228-A062-4CCB-877B-93AC79480A3A}.Release|Any CPU.ActiveCfg = Release|Any CPU
		{E4DDC228-A062-4CCB-877B-93AC79480A3A}.Release|Any CPU.Build.0 = Release|Any CPU
		{3364C9A4-E719-40E5-BC26-C9BA1649906D}.Debug|Any CPU.ActiveCfg = Debug|Any CPU
		{3364C9A4-E719-40E5-BC26-C9BA1649906D}.Debug|Any CPU.Build.0 = Debug|Any CPU
		{3364C9A4-E719-40E5-BC26-C9BA1649906D}.Release|Any CPU.ActiveCfg = Release|Any CPU
		{3364C9A4-E719-40E5-BC26-C9BA1649906D}.Release|Any CPU.Build.0 = Release|Any CPU
		{7D24C486-D97D-4F12-BB93-60A6D997E84F}.Debug|Any CPU.ActiveCfg = Debug|Any CPU
		{7D24C486-D97D-4F12-BB93-60A6D997E84F}.Debug|Any CPU.Build.0 = Debug|Any CPU
		{7D24C486-D97D-4F12-BB93-60A6D997E84F}.Release|Any CPU.ActiveCfg = Release|Any CPU
		{7D24C486-D97D-4F12-BB93-60A6D997E84F}.Release|Any CPU.Build.0 = Release|Any CPU
		{19E3257D-DB01-484E-A6CF-A7B76A0C8A6E}.Debug|Any CPU.ActiveCfg = Debug|Any CPU
		{19E3257D-DB01-484E-A6CF-A7B76A0C8A6E}.Debug|Any CPU.Build.0 = Debug|Any CPU
		{19E3257D-DB01-484E-A6CF-A7B76A0C8A6E}.Release|Any CPU.ActiveCfg = Release|Any CPU
		{19E3257D-DB01-484E-A6CF-A7B76A0C8A6E}.Release|Any CPU.Build.0 = Release|Any CPU
	EndGlobalSection
	GlobalSection(SolutionProperties) = preSolution
		HideSolutionNode = FALSE
	EndGlobalSection
	GlobalSection(ExtensibilityGlobals) = postSolution
		SolutionGuid = {9D101CF8-6113-42E6-98B4-670AE09489AE}
	EndGlobalSection
EndGlobal
